<?xml version="1.0" encoding="UTF-8" standalone="yes" ?>
<CodeBlocks_project_file>
	<FileVersion major="1" minor="6" />
	<Project>
		<Option title="CouponRecSys" />
		<Option pch_mode="2" />
		<Option compiler="gcc" />
		<Build>
			<Target title="Debug">
				<Option output="bin/Debug/CouponRecSys" prefix_auto="1" extension_auto="1" />
				<Option object_output="obj/Debug/" />
				<Option type="1" />
				<Option compiler="gcc" />
				<Compiler>
					<Add option="-g" />
					<Add directory="Business" />
					<Add directory="Entity" />
					<Add directory="Util" />
				</Compiler>
			</Target>
			<Target title="Release">
				<Option output="bin/Release/CouponRecSys" prefix_auto="1" extension_auto="1" />
				<Option object_output="obj/Release/" />
				<Option type="1" />
				<Option compiler="gcc" />
				<Compiler>
					<Add option="-O2" />
				</Compiler>
				<Linker>
					<Add option="-s" />
				</Linker>
			</Target>
		</Build>
		<Compiler>
			<Add option="-Wall" />
			<Add option="-fexceptions" />
		</Compiler>
		<Unit filename="Business/BenchMark.cpp" />
		<Unit filename="Business/BenchMark.h" />
		<Unit filename="Entity/OriginCouponArea.cpp" />
		<Unit filename="Entity/OriginCouponArea.h" />
		<Unit filename="Entity/OriginCouponVisit.cpp" />
		<Unit filename="Entity/OriginCouponVisit.h" />
		<Unit filename="Entity/OriginEntity.cpp" />
		<Unit filename="Entity/OriginEntity.h" />
		<Unit filename="Entity/OriginUser.cpp" />
		<Unit filename="Entity/OriginUser.h" />
		<Unit filename="Entity/UserCoupons.cpp" />
		<Unit filename="Entity/UserCoupons.h" />
		<Unit filename="Util/CSVFileUtil.cpp" />
		<Unit filename="Util/CSVFileUtil.h" />
		<Unit filename="Util/DataFormatUtil.h" />
		<Unit filename="Util/MyFileReader.h" />
		<Unit filename="Util/MyFileWriter.h" />
		<Unit filename="main.cpp" />
		<Extensions>
			<code_completion />
			<debugger />
		</Extensions>
	</Project>
</CodeBlocks_project_file>
